// !$*UTF8*$!
{
	archiveVersion = 1;
	classes = {
	};
	objectVersion = 77;
	objects = {

/* Begin PBXBuildFile section */
		70A1B2C3D4E5F60718293A42 /* ContainerKit in Frameworks */ = {isa = PBXBuildFile; productRef = 70A1B2C3D4E5F60718293A41 /* ContainerKit */; };
		70A1B2C3D4E5F60718293A43 /* ContainerAPIClient in Frameworks */ = {isa = PBXBuildFile; productRef = 70A1B2C3D4E5F60718293A44 /* ContainerAPIClient */; };
		70A1B2C3D4E5F60718293A45 /* ContainerKitServices in Frameworks */ = {isa = PBXBuildFile; productRef = 70A1B2C3D4E5F60718293A46 /* ContainerKitServices */; };
		70A1B2C3D4E5F60718293A48 /* ContainerPlugin in Frameworks */ = {isa = PBXBuildFile; productRef = 70A1B2C3D4E5F60718293A47 /* ContainerPlugin */; };
		70B2C3D4E5F60718293A50 /* SwiftTerm in Frameworks */ = {isa = PBXBuildFile; productRef = 70B2C3D4E5F60718293A52 /* SwiftTerm */; };
/* End PBXBuildFile section */

/* Begin PBXContainerItemProxy section */
		40992CEF2F24F5AD008AEFEB /* PBXContainerItemProxy */ = {
			isa = PBXContainerItemProxy;
			containerPortal = 40992CD62F24F5AB008AEFEB /* Project object */;
			proxyType = 1;
			remoteGlobalIDString = 40992CDD2F24F5AB008AEFEB;
			remoteInfo = OpenBox;
		};
		40992CF92F24F5AD008AEFEB /* PBXContainerItemProxy */ = {
			isa = PBXContainerItemProxy;
			containerPortal = 40992CD62F24F5AB008AEFEB /* Project object */;
			proxyType = 1;
			remoteGlobalIDString = 40992CDD2F24F5AB008AEFEB;
			remoteInfo = OpenBox;
		};
/* End PBXContainerItemProxy section */

/* Begin PBXFileReference section */
		40992CDE2F24F5AB008AEFEB /* OpenBox.app */ = {isa = PBXFileReference; explicitFileType = wrapper.application; includeInIndex = 0; path = OpenBox.app; sourceTree = BUILT_PRODUCTS_DIR; };
		40992CEE2F24F5AD008AEFEB /* OpenBoxTests.xctest */ = {isa = PBXFileReference; explicitFileType = wrapper.cfbundle; includeInIndex = 0; path = OpenBoxTests.xctest; sourceTree = BUILT_PRODUCTS_DIR; };
		40992CF82F24F5AD008AEFEB /* OpenBoxUITests.xctest */ = {isa = PBXFileReference; explicitFileType = wrapper.cfbundle; includeInIndex = 0; path = OpenBoxUITests.xctest; sourceTree = BUILT_PRODUCTS_DIR; };
/* End PBXFileReference section */

/* Begin PBXFileSystemSynchronizedRootGroup section */
		40992CE02F24F5AB008AEFEB /* OpenBox */ = {
			isa = PBXFileSystemSynchronizedRootGroup;
			path = OpenBox;
			sourceTree = "<group>";
		};
		40992CF12F24F5AD008AEFEB /* OpenBoxTests */ = {
			isa = PBXFileSystemSynchronizedRootGroup;
			path = OpenBoxTests;
			sourceTree = "<group>";
		};
		40992CFB2F24F5AD008AEFEB /* OpenBoxUITests */ = {
			isa = PBXFileSystemSynchronizedRootGroup;
			path = OpenBoxUITests;
			sourceTree = "<group>";
		};
/* End PBXFileSystemSynchronizedRootGroup section */

/* Begin PBXFrameworksBuildPhase section */
		40992CDB2F24F5AB008AEFEB /* Frameworks */ = {
			isa = PBXFrameworksBuildPhase;
			buildActionMask = 2147483647;
			files = (
				70A1B2C3D4E5F60718293A43 /* ContainerAPIClient in Frameworks */,
				70A1B2C3D4E5F60718293A42 /* ContainerKit in Frameworks */,
				70A1B2C3D4E5F60718293A45 /* ContainerKitServices in Frameworks */,
				70A1B2C3D4E5F60718293A48 /* ContainerPlugin in Frameworks */,
				70B2C3D4E5F60718293A50 /* SwiftTerm in Frameworks */,
			);
			runOnlyForDeploymentPostprocessing = 0;
		};
		40992CEB2F24F5AD008AEFEB /* Frameworks */ = {
			isa = PBXFrameworksBuildPhase;
			buildActionMask = 2147483647;
			files = (
			);
			runOnlyForDeploymentPostprocessing = 0;
		};
		40992CF52F24F5AD008AEFEB /* Frameworks */ = {
			isa = PBXFrameworksBuildPhase;
			buildActionMask = 2147483647;
			files = (
			);
			runOnlyForDeploymentPostprocessing = 0;
		};
/* End PBXFrameworksBuildPhase section */

/* Begin PBXGroup section */
		40992CD52F24F5AB008AEFEB = {
			isa = PBXGroup;
			children = (
				40992CE02F24F5AB008AEFEB /* OpenBox */,
				40992CF12F24F5AD008AEFEB /* OpenBoxTests */,
				40992CFB2F24F5AD008AEFEB /* OpenBoxUITests */,
				40992CDF2F24F5AB008AEFEB /* Products */,
			);
			sourceTree = "<group>";
		};
		40992CDF2F24F5AB008AEFEB /* Products */ = {
			isa = PBXGroup;
			children = (
				40992CDE2F24F5AB008AEFEB /* OpenBox.app */,
				40992CEE2F24F5AD008AEFEB /* OpenBoxTests.xctest */,
				40992CF82F24F5AD008AEFEB /* OpenBoxUITests.xctest */,
			);
			name = Products;
			sourceTree = "<group>";
		};
/* End PBXGroup section */

/* Begin PBXNativeTarget section */
		40992CDD2F24F5AB008AEFEB /* OpenBox */ = {
			isa = PBXNativeTarget;
			buildConfigurationList = 40992D022F24F5AD008AEFEB /* Build configuration list for PBXNativeTarget "OpenBox" */;
			buildPhases = (
				40992CDA2F24F5AB008AEFEB /* Sources */,
				40992CDB2F24F5AB008AEFEB /* Frameworks */,
				40992CDC2F24F5AB008AEFEB /* Resources */,
				70C4D5E6F708192A3B4C5D6E /* Embed Container Runtime */,
			);
			buildRules = (
			);
			dependencies = (
			);
			fileSystemSynchronizedGroups = (
				40992CE02F24F5AB008AEFEB /* OpenBox */,
			);
			name = OpenBox;
			packageProductDependencies = (
				70A1B2C3D4E5F60718293A44 /* ContainerAPIClient */,
				70A1B2C3D4E5F60718293A41 /* ContainerKit */,
				70A1B2C3D4E5F60718293A46 /* ContainerKitServices */,
				70A1B2C3D4E5F60718293A47 /* ContainerPlugin */,
				70B2C3D4E5F60718293A52 /* SwiftTerm */,
			);
			productName = OpenBox;
			productReference = 40992CDE2F24F5AB008AEFEB /* OpenBox.app */;
			productType = "com.apple.product-type.application";
		};
		40992CED2F24F5AD008AEFEB /* OpenBoxTests */ = {
			isa = PBXNativeTarget;
			buildConfigurationList = 40992D052F24F5AD008AEFEB /* Build configuration list for PBXNativeTarget "OpenBoxTests" */;
			buildPhases = (
				40992CEA2F24F5AD008AEFEB /* Sources */,
				40992CEB2F24F5AD008AEFEB /* Frameworks */,
				40992CEC2F24F5AD008AEFEB /* Resources */,
			);
			buildRules = (
			);
			dependencies = (
				40992CF02F24F5AD008AEFEB /* PBXTargetDependency */,
			);
			fileSystemSynchronizedGroups = (
				40992CF12F24F5AD008AEFEB /* OpenBoxTests */,
			);
			name = OpenBoxTests;
			packageProductDependencies = (
			);
			productName = OpenBoxTests;
			productReference = 40992CEE2F24F5AD008AEFEB /* OpenBoxTests.xctest */;
			productType = "com.apple.product-type.bundle.unit-test";
		};
		40992CF72F24F5AD008AEFEB /* OpenBoxUITests */ = {
			isa = PBXNativeTarget;
			buildConfigurationList = 40992D082F24F5AD008AEFEB /* Build configuration list for PBXNativeTarget "OpenBoxUITests" */;
			buildPhases = (
				40992CF42F24F5AD008AEFEB /* Sources */,
				40992CF52F24F5AD008AEFEB /* Frameworks */,
				40992CF62F24F5AD008AEFEB /* Resources */,
			);
			buildRules = (
			);
			dependencies = (
				40992CFA2F24F5AD008AEFEB /* PBXTargetDependency */,
			);
			fileSystemSynchronizedGroups = (
				40992CFB2F24F5AD008AEFEB /* OpenBoxUITests */,
			);
			name = OpenBoxUITests;
			packageProductDependencies = (
			);
			productName = OpenBoxUITests;
			productReference = 40992CF82F24F5AD008AEFEB /* OpenBoxUITests.xctest */;
			productType = "com.apple.product-type.bundle.ui-testing";
		};
/* End PBXNativeTarget section */

/* Begin PBXProject section */
		40992CD62F24F5AB008AEFEB /* Project object */ = {
			isa = PBXProject;
			attributes = {
				BuildIndependentTargetsInParallel = 1;
				LastSwiftUpdateCheck = 1640;
				LastUpgradeCheck = 1640;
				TargetAttributes = {
					40992CDD2F24F5AB008AEFEB = {
						CreatedOnToolsVersion = 16.4;
					};
					40992CED2F24F5AD008AEFEB = {
						CreatedOnToolsVersion = 16.4;
						TestTargetID = 40992CDD2F24F5AB008AEFEB;
					};
					40992CF72F24F5AD008AEFEB = {
						CreatedOnToolsVersion = 16.4;
						TestTargetID = 40992CDD2F24F5AB008AEFEB;
					};
				};
			};
			buildConfigurationList = 40992CD92F24F5AB008AEFEB /* Build configuration list for PBXProject "OpenBox" */;
			developmentRegion = en;
			hasScannedForEncodings = 0;
			knownRegions = (
				en,
				Base,
			);
			mainGroup = 40992CD52F24F5AB008AEFEB;
			minimizedProjectReferenceProxies = 1;
			packageReferences = (
				70A1B2C3D4E5F60718293A40 /* XCRemoteSwiftPackageReference "container" */,
				70B2C3D4E5F60718293A51 /* XCRemoteSwiftPackageReference "SwiftTerm" */,
			);
			preferredProjectObjectVersion = 77;
			productRefGroup = 40992CDF2F24F5AB008AEFEB /* Products */;
			projectDirPath = "";
			projectRoot = "";
			targets = (
				40992CDD2F24F5AB008AEFEB /* OpenBox */,
				40992CED2F24F5AD008AEFEB /* OpenBoxTests */,
				40992CF72F24F5AD008AEFEB /* OpenBoxUITests */,
			);
		};
/* End PBXProject section */

/* Begin PBXResourcesBuildPhase section */
		40992CDC2F24F5AB008AEFEB /* Resources */ = {
			isa = PBXResourcesBuildPhase;
			buildActionMask = 2147483647;
			files = (
			);
			runOnlyForDeploymentPostprocessing = 0;
		};
		40992CEC2F24F5AD008AEFEB /* Resources */ = {
			isa = PBXResourcesBuildPhase;
			buildActionMask = 2147483647;
			files = (
			);
			runOnlyForDeploymentPostprocessing = 0;
		};
		40992CF62F24F5AD008AEFEB /* Resources */ = {
			isa = PBXResourcesBuildPhase;
			buildActionMask = 2147483647;
			files = (
			);
			runOnlyForDeploymentPostprocessing = 0;
		};
/* End PBXResourcesBuildPhase section */

/* Begin PBXShellScriptBuildPhase section */
		70C4D5E6F708192A3B4C5D6E /* Embed Container Runtime */ = {
			isa = PBXShellScriptBuildPhase;
			alwaysOutOfDate = 1;
			buildActionMask = 2147483647;
			files = (
			);
			inputFileListPaths = (
			);
			inputPaths = (
				"$(SRCROOT)/Scripts/embed-container-runtime.sh",
				"$(SRCROOT)/OpenBox.xcodeproj/project.xcworkspace/xcshareddata/swiftpm/Package.resolved",
			);
			name = "Embed Container Runtime";
			outputFileListPaths = (
			);
			outputPaths = (
				"$(TARGET_BUILD_DIR)/$(UNLOCALIZED_RESOURCES_FOLDER_PATH)/container/bin/container-apiserver",
			);
			runOnlyForDeploymentPostprocessing = 0;
			shellPath = /bin/zsh;
			shellScript = "\"$SRCROOT/Scripts/embed-container-runtime.sh\"";
		};
/* End PBXShellScriptBuildPhase section */

/* Begin PBXSourcesBuildPhase section */
		40992CDA2F24F5AB008AEFEB /* Sources */ = {
			isa = PBXSourcesBuildPhase;
			buildActionMask = 2147483647;
			files = (
			);
			runOnlyForDeploymentPostprocessing = 0;
		};
		40992CEA2F24F5AD008AEFEB /* Sources */ = {
			isa = PBXSourcesBuildPhase;
			buildActionMask = 2147483647;
			files = (
			);
			runOnlyForDeploymentPostprocessing = 0;
		};
		40992CF42F24F5AD008AEFEB /* Sources */ = {
			isa = PBXSourcesBuildPhase;
			buildActionMask = 2147483647;
			files = (
			);
			runOnlyForDeploymentPostprocessing = 0;
		};
/* End PBXSourcesBuildPhase section */

/* Begin PBXTargetDependency section */
		40992CF02F24F5AD008AEFEB /* PBXTargetDependency */ = {
			isa = PBXTargetDependency;
			target = 40992CDD2F24F5AB008AEFEB /* OpenBox */;
			targetProxy = 40992CEF2F24F5AD008AEFEB /* PBXContainerItemProxy */;
		};
		40992CFA2F24F5AD008AEFEB /* PBXTargetDependency */ = {
			isa = PBXTargetDependency;
			target = 40992CDD2F24F5AB008AEFEB /* OpenBox */;
			targetProxy = 40992CF92F24F5AD008AEFEB /* PBXContainerItemProxy */;
		};
/* End PBXTargetDependency section */

/* Begin XCBuildConfiguration section */
		40992D002F24F5AD008AEFEB /* Debug */ = {
			isa = XCBuildConfiguration;
			buildSettings = {
				ALWAYS_SEARCH_USER_PATHS = NO;
				ASSETCATALOG_COMPILER_GENERATE_SWIFT_ASSET_SYMBOL_EXTENSIONS = YES;
				CLANG_ANALYZER_NONNULL = YES;
				CLANG_ANALYZER_NUMBER_OBJECT_CONVERSION = YES_AGGRESSIVE;
				CLANG_CXX_LANGUAGE_STANDARD = "gnu++20";
				CLANG_ENABLE_MODULES = YES;
				CLANG_ENABLE_OBJC_ARC = YES;
				CLANG_ENABLE_OBJC_WEAK = YES;
				CLANG_WARN_BLOCK_CAPTURE_AUTORELEASING = YES;
				CLANG_WARN_BOOL_CONVERSION = YES;
				CLANG_WARN_COMMA = YES;
				CLANG_WARN_CONSTANT_CONVERSION = YES;
				CLANG_WARN_DEPRECATED_OBJC_IMPLEMENTATIONS = YES;
				CLANG_WARN_DIRECT_OBJC_ISA_USAGE = YES_ERROR;
				CLANG_WARN_DOCUMENTATION_COMMENTS = YES;
				CLANG_WARN_EMPTY_BODY = YES;
				CLANG_WARN_ENUM_CONVERSION = YES;
				CLANG_WARN_INFINITE_RECURSION = YES;
				CLANG_WARN_INT_CONVERSION = YES;
				CLANG_WARN_NON_LITERAL_NULL_CONVERSION = YES;
				CLANG_WARN_OBJC_IMPLICIT_RETAIN_SELF = YES;
				CLANG_WARN_OBJC_LITERAL_CONVERSION = YES;
				CLANG_WARN_OBJC_ROOT_CLASS = YES_ERROR;
				CLANG_WARN_QUOTED_INCLUDE_IN_FRAMEWORK_HEADER = YES;
				CLANG_WARN_RANGE_LOOP_ANALYSIS = YES;
				CLANG_WARN_STRICT_PROTOTYPES = YES;
				CLANG_WARN_SUSPICIOUS_MOVE = YES;
				CLANG_WARN_UNGUARDED_AVAILABILITY = YES_AGGRESSIVE;
				CLANG_WARN_UNREACHABLE_CODE = YES;
				CLANG_WARN__DUPLICATE_METHOD_MATCH = YES;
				COPY_PHASE_STRIP = NO;
				DEBUG_INFORMATION_FORMAT = dwarf;
				DEVELOPMENT_TEAM = PAG42SCX8D;
				ENABLE_STRICT_OBJC_MSGSEND = YES;
				ENABLE_TESTABILITY = YES;
				ENABLE_USER_SCRIPT_SANDBOXING = YES;
				GCC_C_LANGUAGE_STANDARD = gnu17;
				GCC_DYNAMIC_NO_PIC = NO;
				GCC_NO_COMMON_BLOCKS = YES;
				GCC_OPTIMIZATION_LEVEL = 0;
				GCC_PREPROCESSOR_DEFINITIONS = (
					"DEBUG=1",
					"$(inherited)",
				);
				GCC_WARN_64_TO_32_BIT_CONVERSION = YES;
				GCC_WARN_ABOUT_RETURN_TYPE = YES_ERROR;
				GCC_WARN_UNDECLARED_SELECTOR = YES;
				GCC_WARN_UNINITIALIZED_AUTOS = YES_AGGRESSIVE;
				GCC_WARN_UNUSED_FUNCTION = YES;
				GCC_WARN_UNUSED_VARIABLE = YES;
				LOCALIZATION_PREFERS_STRING_CATALOGS = YES;
				MTL_ENABLE_DEBUG_INFO = INCLUDE_SOURCE;
				MTL_FAST_MATH = YES;
				ONLY_ACTIVE_ARCH = YES;
				SWIFT_ACTIVE_COMPILATION_CONDITIONS = "DEBUG $(inherited)";
				SWIFT_OPTIMIZATION_LEVEL = "-Onone";
			};
			name = Debug;
		};
		40992D012F24F5AD008AEFEB /* Release */ = {
			isa = XCBuildConfiguration;
			buildSettings = {
				ALWAYS_SEARCH_USER_PATHS = NO;
				ASSETCATALOG_COMPILER_GENERATE_SWIFT_ASSET_SYMBOL_EXTENSIONS = YES;
				CLANG_ANALYZER_NONNULL = YES;
				CLANG_ANALYZER_NUMBER_OBJECT_CONVERSION = YES_AGGRESSIVE;
				CLANG_CXX_LANGUAGE_STANDARD = "gnu++20";
				CLANG_ENABLE_MODULES = YES;
				CLANG_ENABLE_OBJC_ARC = YES;
				CLANG_ENABLE_OBJC_WEAK = YES;
				CLANG_WARN_BLOCK_CAPTURE_AUTORELEASING = YES;
				CLANG_WARN_BOOL_CONVERSION = YES;
				CLANG_WARN_COMMA = YES;
				CLANG_WARN_CONSTANT_CONVERSION = YES;
				CLANG_WARN_DEPRECATED_OBJC_IMPLEMENTATIONS = YES;
				CLANG_WARN_DIRECT_OBJC_ISA_USAGE = YES_ERROR;
				CLANG_WARN_DOCUMENTATION_COMMENTS = YES;
				CLANG_WARN_EMPTY_BODY = YES;
				CLANG_WARN_ENUM_CONVERSION = YES;
				CLANG_WARN_INFINITE_RECURSION = YES;
				CLANG_WARN_INT_CONVERSION = YES;
				CLANG_WARN_NON_LITERAL_NULL_CONVERSION = YES;
				CLANG_WARN_OBJC_IMPLICIT_RETAIN_SELF = YES;
				CLANG_WARN_OBJC_LITERAL_CONVERSION = YES;
				CLANG_WARN_OBJC_ROOT_CLASS = YES_ERROR;
				CLANG_WARN_QUOTED_INCLUDE_IN_FRAMEWORK_HEADER = YES;
				CLANG_WARN_RANGE_LOOP_ANALYSIS = YES;
				CLANG_WARN_STRICT_PROTOTYPES = YES;
				CLANG_WARN_SUSPICIOUS_MOVE = YES;
				CLANG_WARN_UNGUARDED_AVAILABILITY = YES_AGGRESSIVE;
				CLANG_WARN_UNREACHABLE_CODE = YES;
				CLANG_WARN__DUPLICATE_METHOD_MATCH = YES;
				COPY_PHASE_STRIP = NO;
				DEBUG_INFORMATION_FORMAT = "dwarf-with-dsym";
				DEVELOPMENT_TEAM = PAG42SCX8D;
				ENABLE_NS_ASSERTIONS = NO;
				ENABLE_STRICT_OBJC_MSGSEND = YES;
				ENABLE_USER_SCRIPT_SANDBOXING = YES;
				GCC_C_LANGUAGE_STANDARD = gnu17;
				GCC_NO_COMMON_BLOCKS = YES;
				GCC_WARN_64_TO_32_BIT_CONVERSION = YES;
				GCC_WARN_ABOUT_RETURN_TYPE = YES_ERROR;
				GCC_WARN_UNDECLARED_SELECTOR = YES;
				GCC_WARN_UNINITIALIZED_AUTOS = YES_AGGRESSIVE;
				GCC_WARN_UNUSED_FUNCTION = YES;
				GCC_WARN_UNUSED_VARIABLE = YES;
				LOCALIZATION_PREFERS_STRING_CATALOGS = YES;
				MTL_ENABLE_DEBUG_INFO = NO;
				MTL_FAST_MATH = YES;
				SWIFT_COMPILATION_MODE = wholemodule;
			};
			name = Release;
		};
		40992D032F24F5AD008AEFEB /* Debug */ = {
			isa = XCBuildConfiguration;
			buildSettings = {
				ASSETCATALOG_COMPILER_APPICON_NAME = AppIcon;
				ASSETCATALOG_COMPILER_GLOBAL_ACCENT_COLOR_NAME = AccentColor;
				CODE_SIGN_ENTITLEMENTS = OpenBox/OpenBox.Debug.entitlements;
				CODE_SIGN_STYLE = Automatic;
				CURRENT_PROJECT_VERSION = 1;
				DEVELOPMENT_TEAM = PAG42SCX8D;
				ENABLE_HARDENED_RUNTIME = YES;
				ENABLE_PREVIEWS = YES;
				ENABLE_USER_SCRIPT_SANDBOXING = NO;
				GENERATE_INFOPLIST_FILE = YES;
				"INFOPLIST_KEY_UIApplicationSceneManifest_Generation[sdk=iphoneos*]" = YES;
				"INFOPLIST_KEY_UIApplicationSceneManifest_Generation[sdk=iphonesimulator*]" = YES;
				"INFOPLIST_KEY_UIApplicationSupportsIndirectInputEvents[sdk=iphoneos*]" = YES;
				"INFOPLIST_KEY_UIApplicationSupportsIndirectInputEvents[sdk=iphonesimulator*]" = YES;
				"INFOPLIST_KEY_UILaunchScreen_Generation[sdk=iphoneos*]" = YES;
				"INFOPLIST_KEY_UILaunchScreen_Generation[sdk=iphonesimulator*]" = YES;
				"INFOPLIST_KEY_UIStatusBarStyle[sdk=iphoneos*]" = UIStatusBarStyleDefault;
				"INFOPLIST_KEY_UIStatusBarStyle[sdk=iphonesimulator*]" = UIStatusBarStyleDefault;
				INFOPLIST_KEY_UISupportedInterfaceOrientations_iPad = "UIInterfaceOrientationPortrait UIInterfaceOrientationPortraitUpsideDown UIInterfaceOrientationLandscapeLeft UIInterfaceOrientationLandscapeRight";
				INFOPLIST_KEY_UISupportedInterfaceOrientations_iPhone = "UIInterfaceOrientationPortrait UIInterfaceOrientationLandscapeLeft UIInterfaceOrientationLandscapeRight";
				IPHONEOS_DEPLOYMENT_TARGET = 18.5;
				LD_RUNPATH_SEARCH_PATHS = "@executable_path/Frameworks";
				"LD_RUNPATH_SEARCH_PATHS[sdk=macosx*]" = "@executable_path/../Frameworks";
				MACOSX_DEPLOYMENT_TARGET = 15.5;
				MARKETING_VERSION = 1.0;
				PRODUCT_BUNDLE_IDENTIFIER = com.hellogeek.OpenBox;
				PRODUCT_NAME = "$(TARGET_NAME)";
				REGISTER_APP_GROUPS = YES;
				SDKROOT = auto;
				SUPPORTED_PLATFORMS = macosx;
				SWIFT_EMIT_LOC_STRINGS = YES;
				SWIFT_VERSION = 5.0;
				TARGETED_DEVICE_FAMILY = "1,2,7";
				XROS_DEPLOYMENT_TARGET = 2.5;
			};
			name = Debug;
		};
		40992D042F24F5AD008AEFEB /* Release */ = {
			isa = XCBuildConfiguration;
			buildSettings = {
				ASSETCATALOG_COMPILER_APPICON_NAME = AppIcon;
				ASSETCATALOG_COMPILER_GLOBAL_ACCENT_COLOR_NAME = AccentColor;
				CODE_SIGN_ENTITLEMENTS = OpenBox/OpenBox.entitlements;
				CODE_SIGN_STYLE = Automatic;
				CURRENT_PROJECT_VERSION = 1;
				DEVELOPMENT_TEAM = PAG42SCX8D;
				ENABLE_HARDENED_RUNTIME = YES;
				ENABLE_PREVIEWS = YES;
				ENABLE_USER_SCRIPT_SANDBOXING = NO;
				GENERATE_INFOPLIST_FILE = YES;
				"INFOPLIST_KEY_UIApplicationSceneManifest_Generation[sdk=iphoneos*]" = YES;
				"INFOPLIST_KEY_UIApplicationSceneManifest_Generation[sdk=iphonesimulator*]" = YES;
				"INFOPLIST_KEY_UIApplicationSupportsIndirectInputEvents[sdk=iphoneos*]" = YES;
				"INFOPLIST_KEY_UIApplicationSupportsIndirectInputEvents[sdk=iphonesimulator*]" = YES;
				"INFOPLIST_KEY_UILaunchScreen_Generation[sdk=iphoneos*]" = YES;
				"INFOPLIST_KEY_UILaunchScreen_Generation[sdk=iphonesimulator*]" = YES;
				"INFOPLIST_KEY_UIStatusBarStyle[sdk=iphoneos*]" = UIStatusBarStyleDefault;
				"INFOPLIST_KEY_UIStatusBarStyle[sdk=iphonesimulator*]" = UIStatusBarStyleDefault;
				INFOPLIST_KEY_UISupportedInterfaceOrientations_iPad = "UIInterfaceOrientationPortrait UIInterfaceOrientationPortraitUpsideDown UIInterfaceOrientationLandscapeLeft UIInterfaceOrientationLandscapeRight";
				INFOPLIST_KEY_UISupportedInterfaceOrientations_iPhone = "UIInterfaceOrientationPortrait UIInterfaceOrientationLandscapeLeft UIInterfaceOrientationLandscapeRight";
				IPHONEOS_DEPLOYMENT_TARGET = 18.5;
				LD_RUNPATH_SEARCH_PATHS = "@executable_path/Frameworks";
				"LD_RUNPATH_SEARCH_PATHS[sdk=macosx*]" = "@executable_path/../Frameworks";
				MACOSX_DEPLOYMENT_TARGET = 15.5;
				MARKETING_VERSION = 1.0;
				PRODUCT_BUNDLE_IDENTIFIER = com.hellogeek.OpenBox;
				PRODUCT_NAME = "$(TARGET_NAME)";
				REGISTER_APP_GROUPS = YES;
				SDKROOT = auto;
				SUPPORTED_PLATFORMS = macosx;
				SWIFT_EMIT_LOC_STRINGS = YES;
				SWIFT_VERSION = 5.0;
				TARGETED_DEVICE_FAMILY = "1,2,7";
				XROS_DEPLOYMENT_TARGET = 2.5;
			};
			name = Release;
		};
		40992D062F24F5AD008AEFEB /* Debug */ = {
			isa = XCBuildConfiguration;
			buildSettings = {
				BUNDLE_LOADER = "$(TEST_HOST)";
				CODE_SIGN_STYLE = Automatic;
				CURRENT_PROJECT_VERSION = 1;
				DEVELOPMENT_TEAM = PAG42SCX8D;
				GENERATE_INFOPLIST_FILE = YES;
				IPHONEOS_DEPLOYMENT_TARGET = 18.5;
				MACOSX_DEPLOYMENT_TARGET = 15.5;
				MARKETING_VERSION = 1.0;
				PRODUCT_BUNDLE_IDENTIFIER = com.hellogeek.OpenBoxTests;
				PRODUCT_NAME = "$(TARGET_NAME)";
				SDKROOT = auto;
				SUPPORTED_PLATFORMS = macosx;
				SWIFT_EMIT_LOC_STRINGS = NO;
				SWIFT_VERSION = 5.0;
				TARGETED_DEVICE_FAMILY = "1,2,7";
				TEST_HOST = "$(BUILT_PRODUCTS_DIR)/OpenBox.app/$(BUNDLE_EXECUTABLE_FOLDER_PATH)/OpenBox";
				XROS_DEPLOYMENT_TARGET = 2.5;
			};
			name = Debug;
		};
		40992D072F24F5AD008AEFEB /* Release */ = {
			isa = XCBuildConfiguration;
			buildSettings = {
				BUNDLE_LOADER = "$(TEST_HOST)";
				CODE_SIGN_STYLE = Automatic;
				CURRENT_PROJECT_VERSION = 1;
				DEVELOPMENT_TEAM = PAG42SCX8D;
				GENERATE_INFOPLIST_FILE = YES;
				IPHONEOS_DEPLOYMENT_TARGET = 18.5;
				MACOSX_DEPLOYMENT_TARGET = 15.5;
				MARKETING_VERSION = 1.0;
				PRODUCT_BUNDLE_IDENTIFIER = com.hellogeek.OpenBoxTests;
				PRODUCT_NAME = "$(TARGET_NAME)";
				SDKROOT = auto;
				SUPPORTED_PLATFORMS = macosx;
				SWIFT_EMIT_LOC_STRINGS = NO;
				SWIFT_VERSION = 5.0;
				TARGETED_DEVICE_FAMILY = "1,2,7";
				TEST_HOST = "$(BUILT_PRODUCTS_DIR)/OpenBox.app/$(BUNDLE_EXECUTABLE_FOLDER_PATH)/OpenBox";
				XROS_DEPLOYMENT_TARGET = 2.5;
			};
			name = Release;
		};
		40992D092F24F5AD008AEFEB /* Debug */ = {
			isa = XCBuildConfiguration;
			buildSettings = {
				CODE_SIGN_STYLE = Automatic;
				CURRENT_PROJECT_VERSION = 1;
				DEVELOPMENT_TEAM = PAG42SCX8D;
				GENERATE_INFOPLIST_FILE = YES;
				IPHONEOS_DEPLOYMENT_TARGET = 18.5;
				MACOSX_DEPLOYMENT_TARGET = 15.5;
				MARKETING_VERSION = 1.0;
				PRODUCT_BUNDLE_IDENTIFIER = com.hellogeek.OpenBoxUITests;
				PRODUCT_NAME = "$(TARGET_NAME)";
				SDKROOT = auto;
				SUPPORTED_PLATFORMS = macosx;
				SWIFT_EMIT_LOC_STRINGS = NO;
				SWIFT_VERSION = 5.0;
				TARGETED_DEVICE_FAMILY = "1,2,7";
				TEST_TARGET_NAME = OpenBox;
				XROS_DEPLOYMENT_TARGET = 2.5;
			};
			name = Debug;
		};
		40992D0A2F24F5AD008AEFEB /* Release */ = {
			isa = XCBuildConfiguration;
			buildSettings = {
				CODE_SIGN_STYLE = Automatic;
				CURRENT_PROJECT_VERSION = 1;
				DEVELOPMENT_TEAM = PAG42SCX8D;
				GENERATE_INFOPLIST_FILE = YES;
				IPHONEOS_DEPLOYMENT_TARGET = 18.5;
				MACOSX_DEPLOYMENT_TARGET = 15.5;
				MARKETING_VERSION = 1.0;
				PRODUCT_BUNDLE_IDENTIFIER = com.hellogeek.OpenBoxUITests;
				PRODUCT_NAME = "$(TARGET_NAME)";
				SDKROOT = auto;
				SUPPORTED_PLATFORMS = macosx;
				SWIFT_EMIT_LOC_STRINGS = NO;
				SWIFT_VERSION = 5.0;
				TARGETED_DEVICE_FAMILY = "1,2,7";
				TEST_TARGET_NAME = OpenBox;
				XROS_DEPLOYMENT_TARGET = 2.5;
			};
			name = Release;
		};
/* End XCBuildConfiguration section */

/* Begin XCConfigurationList section */
		40992CD92F24F5AB008AEFEB /* Build configuration list for PBXProject "OpenBox" */ = {
			isa = XCConfigurationList;
			buildConfigurations = (
				40992D002F24F5AD008AEFEB /* Debug */,
				40992D012F24F5AD008AEFEB /* Release */,
			);
			defaultConfigurationIsVisible = 0;
			defaultConfigurationName = Release;
		};
		40992D022F24F5AD008AEFEB /* Build configuration list for PBXNativeTarget "OpenBox" */ = {
			isa = XCConfigurationList;
			buildConfigurations = (
				40992D032F24F5AD008AEFEB /* Debug */,
				40992D042F24F5AD008AEFEB /* Release */,
			);
			defaultConfigurationIsVisible = 0;
			defaultConfigurationName = Release;
		};
		40992D052F24F5AD008AEFEB /* Build configuration list for PBXNativeTarget "OpenBoxTests" */ = {
			isa = XCConfigurationList;
			buildConfigurations = (
				40992D062F24F5AD008AEFEB /* Debug */,
				40992D072F24F5AD008AEFEB /* Release */,
			);
			defaultConfigurationIsVisible = 0;
			defaultConfigurationName = Release;
		};
		40992D082F24F5AD008AEFEB /* Build configuration list for PBXNativeTarget "OpenBoxUITests" */ = {
			isa = XCConfigurationList;
			buildConfigurations = (
				40992D092F24F5AD008AEFEB /* Debug */,
				40992D0A2F24F5AD008AEFEB /* Release */,
			);
			defaultConfigurationIsVisible = 0;
			defaultConfigurationName = Release;
		};
/* End XCConfigurationList section */

/* Begin XCRemoteSwiftPackageReference section */
		70A1B2C3D4E5F60718293A40 /* XCRemoteSwiftPackageReference "container" */ = {
			isa = XCRemoteSwiftPackageReference;
			repositoryURL = "https://github.com/jianliang00/container";
			requirement = {
				kind = revision;
				revision = 6200e581eeaf79f25765ba2c2815e353587326e0;
			};
		};
		70B2C3D4E5F60718293A51 /* XCRemoteSwiftPackageReference "SwiftTerm" */ = {
			isa = XCRemoteSwiftPackageReference;
			repositoryURL = "https://github.com/migueldeicaza/SwiftTerm";
			requirement = {
				kind = exactVersion;
				version = 1.11.2;
			};
		};
/* End XCRemoteSwiftPackageReference section */

/* Begin XCSwiftPackageProductDependency section */
		70A1B2C3D4E5F60718293A41 /* ContainerKit */ = {
			isa = XCSwiftPackageProductDependency;
			package = 70A1B2C3D4E5F60718293A40 /* XCRemoteSwiftPackageReference "container" */;
			productName = ContainerKit;
		};
		70A1B2C3D4E5F60718293A44 /* ContainerAPIClient */ = {
			isa = XCSwiftPackageProductDependency;
			package = 70A1B2C3D4E5F60718293A40 /* XCRemoteSwiftPackageReference "container" */;
			productName = ContainerAPIClient;
		};
		70A1B2C3D4E5F60718293A46 /* ContainerKitServices */ = {
			isa = XCSwiftPackageProductDependency;
			package = 70A1B2C3D4E5F60718293A40 /* XCRemoteSwiftPackageReference "container" */;
			productName = ContainerKitServices;
		};
		70A1B2C3D4E5F60718293A47 /* ContainerPlugin */ = {
			isa = XCSwiftPackageProductDependency;
			package = 70A1B2C3D4E5F60718293A40 /* XCRemoteSwiftPackageReference "container" */;
			productName = ContainerPlugin;
		};
		70B2C3D4E5F60718293A52 /* SwiftTerm */ = {
			isa = XCSwiftPackageProductDependency;
			package = 70B2C3D4E5F60718293A51 /* XCRemoteSwiftPackageReference "SwiftTerm" */;
			productName = SwiftTerm;
		};
/* End XCSwiftPackageProductDependency section */
	};
	rootObject = 40992CD62F24F5AB008AEFEB /* Project object */;
}
